// !$*UTF8*$!
{
	archiveVersion = 1;
	classes = {
	};
	objectVersion = 46;
	objects = {

/* Begin PBXBuildFile section */
		4F46A5CC19D699DF00DDF463 /* main.m in Sources */ = {isa = PBXBuildFile; fileRef = 4F46A5CB19D699DF00DDF463 /* main.m */; };
		4F46A5CF19D699DF00DDF463 /* AppDelegate.m in Sources */ = {isa = PBXBuildFile; fileRef = 4F46A5CE19D699DF00DDF463 /* AppDelegate.m */; };
		4F46A5D219D699DF00DDF463 /* GameScene.m in Sources */ = {isa = PBXBuildFile; fileRef = 4F46A5D119D699DF00DDF463 /* GameScene.m */; };
		4F46A5D719D699DF00DDF463 /* GameViewController.m in Sources */ = {isa = PBXBuildFile; fileRef = 4F46A5D619D699DF00DDF463 /* GameViewController.m */; };
		4F46A5DA19D699DF00DDF463 /* Main.storyboard in Resources */ = {isa = PBXBuildFile; fileRef = 4F46A5D819D699DF00DDF463 /* Main.storyboard */; };
		4F46A5DC19D699DF00DDF463 /* Images.xcassets in Resources */ = {isa = PBXBuildFile; fileRef = 4F46A5DB19D699DF00DDF463 /* Images.xcassets */; };
		4F46A5DF19D699DF00DDF463 /* LaunchScreen.xib in Resources */ = {isa = PBXBuildFile; fileRef = 4F46A5DD19D699DF00DDF463 /* LaunchScreen.xib */; };
		4F46A5EB19D699DF00DDF463 /* LongLongcatTests.m in Sources */ = {isa = PBXBuildFile; fileRef = 4F46A5EA19D699DF00DDF463 /* LongLongcatTests.m */; };
/* End PBXBuildFile section */

/* Begin PBXContainerItemProxy section */
		4F46A5E519D699DF00DDF463 /* PBXContainerItemProxy */ = {
			isa = PBXContainerItemProxy;
			containerPortal = 4F46A5BE19D699DF00DDF463 /* Project object */;
			proxyType = 1;
			remoteGlobalIDString = 4F46A5C519D699DF00DDF463;
			remoteInfo = LongLongcat;
		};
/* End PBXContainerItemProxy section */

/* Begin PBXFileReference section */
		4F46A5C619D699DF00DDF463 /* LongLongcat.app */ = {isa = PBXFileReference; explicitFileType = wrapper.application; includeInIndex = 0; path = LongLongcat.app; sourceTree = BUILT_PRODUCTS_DIR; };
		4F46A5CA19D699DF00DDF463 /* Info.plist */ = {isa = PBXFileReference; lastKnownFileType = text.plist.xml; path = Info.plist; sourceTree = "<group>"; };
		4F46A5CB19D699DF00DDF463 /* main.m */ = {isa = PBXFileReference; lastKnownFileType = sourcecode.c.objc; path = main.m; sourceTree = "<group>"; };
		4F46A5CD19D699DF00DDF463 /* AppDelegate.h */ = {isa = PBXFileReference; lastKnownFileType = sourcecode.c.h; path = AppDelegate.h; sourceTree = "<group>"; };
		4F46A5CE19D699DF00DDF463 /* AppDelegate.m */ = {isa = PBXFileReference; lastKnownFileType = sourcecode.c.objc; path = AppDelegate.m; sourceTree = "<group>"; };
		4F46A5D019D699DF00DDF463 /* GameScene.h */ = {isa = PBXFileReference; lastKnownFileType = sourcecode.c.h; path = GameScene.h; sourceTree = "<group>"; };
		4F46A5D119D699DF00DDF463 /* GameScene.m */ = {isa = PBXFileReference; lastKnownFileType = sourcecode.c.objc; path = GameScene.m; sourceTree = "<group>"; };
		4F46A5D519D699DF00DDF463 /* GameViewController.h */ = {isa = PBXFileReference; lastKnownFileType = sourcecode.c.h; path = GameViewController.h; sourceTree = "<group>"; };
		4F46A5D619D699DF00DDF463 /* GameViewController.m */ = {isa = PBXFileReference; lastKnownFileType = sourcecode.c.objc; path = GameViewController.m; sourceTree = "<group>"; };
		4F46A5D919D699DF00DDF463 /* Base */ = {isa = PBXFileReference; lastKnownFileType = file.storyboard; name = Base; path = Base.lproj/Main.storyboard; sourceTree = "<group>"; };
		4F46A5DB19D699DF00DDF463 /* Images.xcassets */ = {isa = PBXFileReference; lastKnownFileType = folder.assetcatalog; path = Images.xcassets; sourceTree = "<group>"; };
		4F46A5DE19D699DF00DDF463 /* Base */ = {isa = PBXFileReference; lastKnownFileType = file.xib; name = Base; path = Base.lproj/LaunchScreen.xib; sourceTree = "<group>"; };
		4F46A5E419D699DF00DDF463 /* LongLongcatTests.xctest */ = {isa = PBXFileReference; explicitFileType = wrapper.cfbundle; includeInIndex = 0; path = LongLongcatTests.xctest; sourceTree = BUILT_PRODUCTS_DIR; };
		4F46A5E919D699DF00DDF463 /* Info.plist */ = {isa = PBXFileReference; lastKnownFileType = text.plist.xml; path = Info.plist; sourceTree = "<group>"; };
		4F46A5EA19D699DF00DDF463 /* LongLongcatTests.m */ = {isa = PBXFileReference; lastKnownFileType = sourcecode.c.objc; path = LongLongcatTests.m; sourceTree = "<group>"; };
/* End PBXFileReference section */

/* Begin PBXFrameworksBuildPhase section */
		4F46A5C319D699DF00DDF463 /* Frameworks */ = {
			isa = PBXFrameworksBuildPhase;
			buildActionMask = 2147483647;
			files = (
			);
			runOnlyForDeploymentPostprocessing = 0;
		};
		4F46A5E119D699DF00DDF463 /* Frameworks */ = {
			isa = PBXFrameworksBuildPhase;
			buildActionMask = 2147483647;
			files = (
			);
			runOnlyForDeploymentPostprocessing = 0;
		};
/* End PBXFrameworksBuildPhase section */

/* Begin PBXGroup section */
		4F46A5BD19D699DF00DDF463 = {
			isa = PBXGroup;
			children = (
				4F46A5C819D699DF00DDF463 /* LongLongcat */,
				4F46A5E719D699DF00DDF463 /* LongLongcatTests */,
				4F46A5C719D699DF00DDF463 /* Products */,
			);
			sourceTree = "<group>";
		};
		4F46A5C719D699DF00DDF463 /* Products */ = {
			isa = PBXGroup;
			children = (
				4F46A5C619D699DF00DDF463 /* LongLongcat.app */,
				4F46A5E419D699DF00DDF463 /* LongLongcatTests.xctest */,
			);
			name = Products;
			sourceTree = "<group>";
		};
		4F46A5C819D699DF00DDF463 /* LongLongcat */ = {
			isa = PBXGroup;
			children = (
				4F46A5CD19D699DF00DDF463 /* AppDelegate.h */,
				4F46A5CE19D699DF00DDF463 /* AppDelegate.m */,
				4F46A5D019D699DF00DDF463 /* GameScene.h */,
				4F46A5D119D699DF00DDF463 /* GameScene.m */,
				4F46A5D519D699DF00DDF463 /* GameViewController.h */,
				4F46A5D619D699DF00DDF463 /* GameViewController.m */,
				4F46A5D819D699DF00DDF463 /* Main.storyboard */,
				4F46A5DB19D699DF00DDF463 /* Images.xcassets */,
				4F46A5DD19D699DF00DDF463 /* LaunchScreen.xib */,
				4F46A5C919D699DF00DDF463 /* Supporting Files */,
			);
			path = LongLongcat;
			sourceTree = "<group>";
		};
		4F46A5C919D699DF00DDF463 /* Supporting Files */ = {
			isa = PBXGroup;
			children = (
				4F46A5CA19D699DF00DDF463 /* Info.plist */,
				4F46A5CB19D699DF00DDF463 /* main.m */,
			);
			name = "Supporting Files";
			sourceTree = "<group>";
		};
		4F46A5E719D699DF00DDF463 /* LongLongcatTests */ = {
			isa = PBXGroup;
			children = (
				4F46A5EA19D699DF00DDF463 /* LongLongcatTests.m */,
				4F46A5E819D699DF00DDF463 /* Supporting Files */,
			);
			path = LongLongcatTests;
			sourceTree = "<group>";
		};
		4F46A5E819D699DF00DDF463 /* Supporting Files */ = {
			isa = PBXGroup;
			children = (
				4F46A5E919D699DF00DDF463 /* Info.plist */,
			);
			name = "Supporting Files";
			sourceTree = "<group>";
		};
/* End PBXGroup section */

/* Begin PBXNativeTarget section */
		4F46A5C519D699DF00DDF463 /* LongLongcat */ = {
			isa = PBXNativeTarget;
			buildConfigurationList = 4F46A5EE19D699DF00DDF463 /* Build configuration list for PBXNativeTarget "LongLongcat" */;
			buildPhases = (
				4F46A5C219D699DF00DDF463 /* Sources */,
				4F46A5C319D699DF00DDF463 /* Frameworks */,
				4F46A5C419D699DF00DDF463 /* Resources */,
			);
			buildRules = (
			);
			dependencies = (
			);
			name = LongLongcat;
			productName = LongLongcat;
			productReference = 4F46A5C619D699DF00DDF463 /* LongLongcat.app */;
			productType = "com.apple.product-type.application";
		};
		4F46A5E319D699DF00DDF463 /* LongLongcatTests */ = {
			isa = PBXNativeTarget;
			buildConfigurationList = 4F46A5F119D699DF00DDF463 /* Build configuration list for PBXNativeTarget "LongLongcatTests" */;
			buildPhases = (
				4F46A5E019D699DF00DDF463 /* Sources */,
				4F46A5E119D699DF00DDF463 /* Frameworks */,
				4F46A5E219D699DF00DDF463 /* Resources */,
			);
			buildRules = (
			);
			dependencies = (
				4F46A5E619D699DF00DDF463 /* PBXTargetDependency */,
			);
			name = LongLongcatTests;
			productName = LongLongcatTests;
			productReference = 4F46A5E419D699DF00DDF463 /* LongLongcatTests.xctest */;
			productType = "com.apple.product-type.bundle.unit-test";
		};
/* End PBXNativeTarget section */

/* Begin PBXProject section */
		4F46A5BE19D699DF00DDF463 /* Project object */ = {
			isa = PBXProject;
			attributes = {
				LastUpgradeCheck = 0600;
				ORGANIZATIONNAME = Foo;
				TargetAttributes = {
					4F46A5C519D699DF00DDF463 = {
						CreatedOnToolsVersion = 6.0.1;
					};
					4F46A5E319D699DF00DDF463 = {
						CreatedOnToolsVersion = 6.0.1;
						TestTargetID = 4F46A5C519D699DF00DDF463;
					};
				};
			};
			buildConfigurationList = 4F46A5C119D699DF00DDF463 /* Build configuration list for PBXProject "LongLongcat" */;
			compatibilityVersion = "Xcode 3.2";
			developmentRegion = English;
			hasScannedForEncodings = 0;
			knownRegions = (
				en,
				Base,
			);
			mainGroup = 4F46A5BD19D699DF00DDF463;
			productRefGroup = 4F46A5C719D699DF00DDF463 /* Products */;
			projectDirPath = "";
			projectRoot = "";
			targets = (
				4F46A5C519D699DF00DDF463 /* LongLongcat */,
				4F46A5E319D699DF00DDF463 /* LongLongcatTests */,
			);
		};
/* End PBXProject section */

/* Begin PBXResourcesBuildPhase section */
		4F46A5C419D699DF00DDF463 /* Resources */ = {
			isa = PBXResourcesBuildPhase;
			buildActionMask = 2147483647;
			files = (
				4F46A5DF19D699DF00DDF463 /* LaunchScreen.xib in Resources */,
				4F46A5DC19D699DF00DDF463 /* Images.xcassets in Resources */,
				4F46A5DA19D699DF00DDF463 /* Main.storyboard in Resources */,
			);
			runOnlyForDeploymentPostprocessing = 0;
		};
		4F46A5E219D699DF00DDF463 /* Resources */ = {
			isa = PBXResourcesBuildPhase;
			buildActionMask = 2147483647;
			files = (
			);
			runOnlyForDeploymentPostprocessing = 0;
		};
/* End PBXResourcesBuildPhase section */

/* Begin PBXSourcesBuildPhase section */
		4F46A5C219D699DF00DDF463 /* Sources */ = {
			isa = PBXSourcesBuildPhase;
			buildActionMask = 2147483647;
			files = (
				4F46A5D719D699DF00DDF463 /* GameViewController.m in Sources */,
				4F46A5CF19D699DF00DDF463 /* AppDelegate.m in Sources */,
				4F46A5D219D699DF00DDF463 /* GameScene.m in Sources */,
				4F46A5CC19D699DF00DDF463 /* main.m in Sources */,
			);
			runOnlyForDeploymentPostprocessing = 0;
		};
		4F46A5E019D699DF00DDF463 /* Sources */ = {
			isa = PBXSourcesBuildPhase;
			buildActionMask = 2147483647;
			files = (
				4F46A5EB19D699DF00DDF463 /* LongLongcatTests.m in Sources */,
			);
			runOnlyForDeploymentPostprocessing = 0;
		};
/* End PBXSourcesBuildPhase section */

/* Begin PBXTargetDependency section */
		4F46A5E619D699DF00DDF463 /* PBXTargetDependency */ = {
			isa = PBXTargetDependency;
			target = 4F46A5C519D699DF00DDF463 /* LongLongcat */;
			targetProxy = 4F46A5E519D699DF00DDF463 /* PBXContainerItemProxy */;
		};
/* End PBXTargetDependency section */

/* Begin PBXVariantGroup section */
		4F46A5D819D699DF00DDF463 /* Main.storyboard */ = {
			isa = PBXVariantGroup;
			children = (
				4F46A5D919D699DF00DDF463 /* Base */,
			);
			name = Main.storyboard;
			sourceTree = "<group>";
		};
		4F46A5DD19D699DF00DDF463 /* LaunchScreen.xib */ = {
			isa = PBXVariantGroup;
			children = (
				4F46A5DE19D699DF00DDF463 /* Base */,
			);
			name = LaunchScreen.xib;
			sourceTree = "<group>";
		};
/* End PBXVariantGroup section */

/* Begin XCBuildConfiguration section */
		4F46A5EC19D699DF00DDF463 /* Debug */ = {
			isa = XCBuildConfiguration;
			buildSettings = {
				ALWAYS_SEARCH_USER_PATHS = NO;
				CLANG_CXX_LANGUAGE_STANDARD = "gnu++0x";
				CLANG_CXX_LIBRARY = "libc++";
				CLANG_ENABLE_MODULES = YES;
				CLANG_ENABLE_OBJC_ARC = YES;
				CLANG_WARN_BOOL_CONVERSION = YES;
				CLANG_WARN_CONSTANT_CONVERSION = YES;
				CLANG_WARN_DIRECT_OBJC_ISA_USAGE = YES_ERROR;
				CLANG_WARN_EMPTY_BODY = YES;
				CLANG_WARN_ENUM_CONVERSION = YES;
				CLANG_WARN_INT_CONVERSION = YES;
				CLANG_WARN_OBJC_ROOT_CLASS = YES_ERROR;
				CLANG_WARN_UNREACHABLE_CODE = YES;
				CLANG_WARN__DUPLICATE_METHOD_MATCH = YES;
				"CODE_SIGN_IDENTITY[sdk=iphoneos*]" = "iPhone Developer";
				COPY_PHASE_STRIP = NO;
				ENABLE_STRICT_OBJC_MSGSEND = YES;
				GCC_C_LANGUAGE_STANDARD = gnu99;
				GCC_DYNAMIC_NO_PIC = NO;
				GCC_OPTIMIZATION_LEVEL = 0;
				GCC_PREPROCESSOR_DEFINITIONS = (
					"DEBUG=1",
					"$(inherited)",
				);
				GCC_SYMBOLS_PRIVATE_EXTERN = NO;
				GCC_WARN_64_TO_32_BIT_CONVERSION = YES;
				GCC_WARN_ABOUT_RETURN_TYPE = YES_ERROR;
				GCC_WARN_UNDECLARED_SELECTOR = YES;
				GCC_WARN_UNINITIALIZED_AUTOS = YES_AGGRESSIVE;
				GCC_WARN_UNUSED_FUNCTION = YES;
				GCC_WARN_UNUSED_VARIABLE = YES;
				IPHONEOS_DEPLOYMENT_TARGET = 7.0;
				MTL_ENABLE_DEBUG_INFO = YES;
				ONLY_ACTIVE_ARCH = YES;
				SDKROOT = iphoneos;
				TARGETED_DEVICE_FAMILY = "1,2";
			};
			name = Debug;
		};
		4F46A5ED19D699DF00DDF463 /* Release */ = {
			isa = XCBuildConfiguration;
			buildSettings = {
				ALWAYS_SEARCH_USER_PATHS = NO;
				CLANG_CXX_LANGUAGE_STANDARD = "gnu++0x";
				CLANG_CXX_LIBRARY = "libc++";
				CLANG_ENABLE_MODULES = YES;
				CLANG_ENABLE_OBJC_ARC = YES;
				CLANG_WARN_BOOL_CONVERSION = YES;
				CLANG_WARN_CONSTANT_CONVERSION = YES;
				CLANG_WARN_DIRECT_OBJC_ISA_USAGE = YES_ERROR;
				CLANG_WARN_EMPTY_BODY = YES;
				CLANG_WARN_ENUM_CONVERSION = YES;
				CLANG_WARN_INT_CONVERSION = YES;
				CLANG_WARN_OBJC_ROOT_CLASS = YES_ERROR;
				CLANG_WARN_UNREACHABLE_CODE = YES;
				CLANG_WARN__DUPLICATE_METHOD_MATCH = YES;
				"CODE_SIGN_IDENTITY[sdk=iphoneos*]" = "iPhone Developer";
				COPY_PHASE_STRIP = YES;
				ENABLE_NS_ASSERTIONS = NO;
				ENABLE_STRICT_OBJC_MSGSEND = YES;
				GCC_C_LANGUAGE_STANDARD = gnu99;
				GCC_WARN_64_TO_32_BIT_CONVERSION = YES;
				GCC_WARN_ABOUT_RETURN_TYPE = YES_ERROR;
				GCC_WARN_UNDECLARED_SELECTOR = YES;
				GCC_WARN_UNINITIALIZED_AUTOS = YES_AGGRESSIVE;
				GCC_WARN_UNUSED_FUNCTION = YES;
				GCC_WARN_UNUSED_VARIABLE = YES;
				IPHONEOS_DEPLOYMENT_TARGET = 7.0;
				MTL_ENABLE_DEBUG_INFO = NO;
				SDKROOT = iphoneos;
				TARGETED_DEVICE_FAMILY = "1,2";
				VALIDATE_PRODUCT = YES;
			};
			name = Release;
		};
		4F46A5EF19D699DF00DDF463 /* Debug */ = {
			isa = XCBuildConfiguration;
			buildSettings = {
				ASSETCATALOG_COMPILER_APPICON_NAME = AppIcon;
				INFOPLIST_FILE = LongLongcat/Info.plist;
				LD_RUNPATH_SEARCH_PATHS = "$(inherited) @executable_path/Frameworks";
				PRODUCT_NAME = "$(TARGET_NAME)";
			};
			name = Debug;
		};
		4F46A5F019D699DF00DDF463 /* Release */ = {
			isa = XCBuildConfiguration;
			buildSettings = {
				ASSETCATALOG_COMPILER_APPICON_NAME = AppIcon;
				INFOPLIST_FILE = LongLongcat/Info.plist;
				LD_RUNPATH_SEARCH_PATHS = "$(inherited) @executable_path/Frameworks";
				PRODUCT_NAME = "$(TARGET_NAME)";
			};
			name = Release;
		};
		4F46A5F219D699DF00DDF463 /* Debug */ = {
			isa = XCBuildConfiguration;
			buildSettings = {
				BUNDLE_LOADER = "$(TEST_HOST)";
				FRAMEWORK_SEARCH_PATHS = (
					"$(SDKROOT)/Developer/Library/Frameworks",
					"$(inherited)",
				);
				GCC_PREPROCESSOR_DEFINITIONS = (
					"DEBUG=1",
					"$(inherited)",
				);
				INFOPLIST_FILE = LongLongcatTests/Info.plist;
				LD_RUNPATH_SEARCH_PATHS = "$(inherited) @executable_path/Frameworks @loader_path/Frameworks";
				PRODUCT_NAME = "$(TARGET_NAME)";
				TEST_HOST = "$(BUILT_PRODUCTS_DIR)/LongLongcat.app/LongLongcat";
			};
			name = Debug;
		};
		4F46A5F319D699DF00DDF463 /* Release */ = {
			isa = XCBuildConfiguration;
			buildSettings = {
				BUNDLE_LOADER = "$(TEST_HOST)";
				FRAMEWORK_SEARCH_PATHS = (
					"$(SDKROOT)/Developer/Library/Frameworks",
					"$(inherited)",
				);
				INFOPLIST_FILE = LongLongcatTests/Info.plist;
				LD_RUNPATH_SEARCH_PATHS = "$(inherited) @executable_path/Frameworks @loader_path/Frameworks";
				PRODUCT_NAME = "$(TARGET_NAME)";
				TEST_HOST = "$(BUILT_PRODUCTS_DIR)/LongLongcat.app/LongLongcat";
			};
			name = Release;
		};
/* End XCBuildConfiguration section */

/* Begin XCConfigurationList section */
		4F46A5C119D699DF00DDF463 /* Build configuration list for PBXProject "LongLongcat" */ = {
			isa = XCConfigurationList;
			buildConfigurations = (
				4F46A5EC19D699DF00DDF463 /* Debug */,
				4F46A5ED19D699DF00DDF463 /* Release */,
			);
			defaultConfigurationIsVisible = 0;
			defaultConfigurationName = Release;
		};
		4F46A5EE19D699DF00DDF463 /* Build configuration list for PBXNativeTarget "LongLongcat" */ = {
			isa = XCConfigurationList;
			buildConfigurations = (
				4F46A5EF19D699DF00DDF463 /* Debug */,
				4F46A5F019D699DF00DDF463 /* Release */,
			);
			defaultConfigurationIsVisible = 0;
		};
		4F46A5F119D699DF00DDF463 /* Build configuration list for PBXNativeTarget "LongLongcatTests" */ = {
			isa = XCConfigurationList;
			buildConfigurations = (
				4F46A5F219D699DF00DDF463 /* Debug */,
				4F46A5F319D699DF00DDF463 /* Release */,
			);
			defaultConfigurationIsVisible = 0;
		};
/* End XCConfigurationList section */
	};
	rootObject = 4F46A5BE19D699DF00DDF463 /* Project object */;
}
